
Microsoft Visual Studio Solution File, Format Version 12.00
# Visual Studio Version 16
VisualStudioVersion = 16.0.31019.35
MinimumVisualStudioVersion = 10.0.40219.1
Project("{FAE04EC0-301F-11D3-BF4B-00C04F79EFBC}") = "coca_cola", "coca_cola\coca_cola.csproj", "{78868595-62D6-4FF4-9A67-65C4098FB35D}"
EndProject
Global
	GlobalSection(SolutionConfigurationPlatforms) = preSolution
		Debug|Any CPU = Debug|Any CPU
		Release|Any CPU = Release|Any CPU
	EndGlobalSection
	GlobalSection(ProjectConfigurationPlatforms) = postSolution
		{78868595-62D6-4FF4-9A67-65C4098FB35D}.Debug|Any CPU.ActiveCfg = Debug|Any CPU
		{78868595-62D6-4FF4-9A67-65C4098FB35D}.Debug|Any CPU.Build.0 = Debug|Any CPU
		{78868595-62D6-4FF4-9A67-65C4098FB35D}.Release|Any CPU.ActiveCfg = Release|Any CPU
		{78868595-62D6-4FF4-9A67-65C4098FB35D}.Release|Any CPU.Build.0 = Release|Any CPU
	EndGlobalSection
	GlobalSection(SolutionProperties) = preSolution
		HideSolutionNode = FALSE
	EndGlobalSection
	GlobalSection(ExtensibilityGlobals) = postSolution
		SolutionGuid = {D48E333A-EACC-43B6-B157-F5BF4310FAE1}
	EndGlobalSection
EndGlobal
